# THIS IS AN AUTOGENERATED FILE. DO NOT EDIT THIS FILE DIRECTLY.
# yarn lockfile v1


"@cloudflare/kv-asset-handler@^0.0.9":
  version "0.0.9"
  resolved "https://registry.yarnpkg.com/@cloudflare/kv-asset-handler/-/kv-asset-handler-0.0.9.tgz#b49247eb49819080ed0db796992e6e5dd7cd81ce"
  integrity sha512-OP+uwr+5VShB9ktzJvkwy1AibGaTV7EoHs/YMemUY56fgnqI+IlV++e4T6cTUfHDAfE/pdXMx7q4zMf90dU00Q==
  dependencies:
    "@types/mime" "^2.0.1"
    mime "^2.4.4"

"@edgehub/router@^0.0.4":
  version "0.0.4"
  resolved "https://registry.yarnpkg.com/@edgehub/router/-/router-0.0.4.tgz#60c0e062dfa2f11e20c30fdca403d04909658054"
  integrity sha512-Q77yF+9NpElIi1emJ39t0AfxxUZagKT5pTvOCDt82qJBA2EPWSeY8LE2AmbHt72rYjuVO7MZGsY1ZsUJQHWTXw==
  dependencies:
    "@types/cookie" "^0.3.3"
    "@types/trouter" "^3.1.0"
    cookie "^0.4.0"
    trouter "^3.1.0"

"@types/cookie@^0.3.3":
  version "0.3.3"
  resolved "https://registry.yarnpkg.com/@types/cookie/-/cookie-0.3.3.tgz#85bc74ba782fb7aa3a514d11767832b0e3bc6803"
  integrity sha512-LKVP3cgXBT9RYj+t+9FDKwS5tdI+rPBXaNSkma7hvqy35lc7mAokC2zsqWJH0LaqIt3B962nuYI77hsJoT1gow==

"@types/mime@^2.0.1":
  version "2.0.1"
  resolved "https://registry.yarnpkg.com/@types/mime/-/mime-2.0.1.tgz#dc488842312a7f075149312905b5e3c0b054c79d"
  integrity sha512-FwI9gX75FgVBJ7ywgnq/P7tw+/o1GUbtP0KzbtusLigAOgIgNISRK0ZPl4qertvXSIE8YbsVJueQ90cDt9YYyw==

"@types/trouter@^3.1.0":
  version "3.1.0"
  resolved "https://registry.yarnpkg.com/@types/trouter/-/trouter-3.1.0.tgz#8a3c7b34352b1cb454217a194e8bf03e5cdf7cc4"
  integrity sha512-4LPNrqSJknLzILMVXn2P/mh0djNgFvom4T9Y1hmhaB8OBm1cY71bMMSrGRu1q5qF4JZzY6iaGT11BHmCMY/NZg==

cookie@^0.4.0:
  version "0.4.0"
  resolved "https://registry.yarnpkg.com/cookie/-/cookie-0.4.0.tgz#beb437e7022b3b6d49019d088665303ebe9c14ba"
  integrity sha512-+Hp8fLp57wnUSt0tY0tHEXh4voZRDnoIrZPqlo3DPiI4y9lwg/jqx+1Om94/W6ZaPDOUbnjOt/99w66zk+l1Xg==

mime@^2.4.4:
  version "2.4.4"
  resolved "https://registry.yarnpkg.com/mime/-/mime-2.4.4.tgz#bd7b91135fc6b01cde3e9bae33d659b63d8857e5"
  integrity sha512-LRxmNwziLPT828z+4YkNzloCFC2YM4wrB99k+AV5ZbEyfGNWfG8SO1FUXLmLDBSo89NrJZ4DIWeLjy1CHGhMGA==

regexparam@^1.3.0:
  version "1.3.0"
  resolved "https://registry.yarnpkg.com/regexparam/-/regexparam-1.3.0.tgz#2fe42c93e32a40eff6235d635e0ffa344b92965f"
  integrity sha512-6IQpFBv6e5vz1QAqI+V4k8P2e/3gRrqfCJ9FI+O1FLQTO+Uz6RXZEZOPmTJ6hlGj7gkERzY5BRCv09whKP96/g==

trouter@^3.1.0:
  version "3.1.0"
  resolved "https://registry.yarnpkg.com/trouter/-/trouter-3.1.0.tgz#76f4faea81d5ebd11bba4762c664a3b55eda9b23"
  integrity sha512-3Swwu638QQWOefHLss9cdyLi5/9BKYmXZEXpH0KOFfB9YZwUAwHbDAcoYxaHfqAeFvbi/LqAK7rGkhCr1v1BJA==
  dependencies:
    regexparam "^1.3.0"
